// !$*UTF8*$!
{
	archiveVersion = 1;
	classes = {
	};
	objectVersion = 56;
	objects = {

/* Begin PBXBuildFile section */
		2D45C8D82D5DF63600DB36E7 /* casual.css in Resources */ = {isa = PBXBuildFile; fileRef = 2D45C8D72D5DF63600DB36E7 /* casual.css */; };
		2D45C8D92D5DF63600DB36E7 /* casual.css in Resources */ = {isa = PBXBuildFile; fileRef = 2D45C8D72D5DF63600DB36E7 /* casual.css */; };
		2D81FBDD2A68F5F8001E21D5 /* ios_instructions.png in Resources */ = {isa = PBXBuildFile; fileRef = 2D81FBDC2A68F5F8001E21D5 /* ios_instructions.png */; };
		2D81FBDE2A68F5F8001E21D5 /* ios_instructions.png in Resources */ = {isa = PBXBuildFile; fileRef = 2D81FBDC2A68F5F8001E21D5 /* ios_instructions.png */; };
		2DF370322A3BB4D5003A4132 /* AppDelegate.swift in Sources */ = {isa = PBXBuildFile; fileRef = 2DF370312A3BB4D5003A4132 /* AppDelegate.swift */; };
		2DF370342A3BB4D5003A4132 /* SceneDelegate.swift in Sources */ = {isa = PBXBuildFile; fileRef = 2DF370332A3BB4D5003A4132 /* SceneDelegate.swift */; };
		2DF370372A3BB4D5003A4132 /* LaunchScreen.storyboard in Resources */ = {isa = PBXBuildFile; fileRef = 2DF370352A3BB4D5003A4132 /* LaunchScreen.storyboard */; };
		2DF3703A2A3BB4D5003A4132 /* Main.storyboard in Resources */ = {isa = PBXBuildFile; fileRef = 2DF370382A3BB4D5003A4132 /* Main.storyboard */; };
		2DF370432A3BB4D6003A4132 /* AppDelegate.swift in Sources */ = {isa = PBXBuildFile; fileRef = 2DF370422A3BB4D6003A4132 /* AppDelegate.swift */; };
		2DF370462A3BB4D6003A4132 /* Main.storyboard in Resources */ = {isa = PBXBuildFile; fileRef = 2DF370442A3BB4D6003A4132 /* Main.storyboard */; };
		2DF3704E2A3BB4D6003A4132 /* DeArrow Extension.appex in Embed Foundation Extensions */ = {isa = PBXBuildFile; fileRef = 2DF3704D2A3BB4D6003A4132 /* DeArrow Extension.appex */; settings = {ATTRIBUTES = (RemoveHeadersOnCopy, ); }; };
		2DF370582A3BB4D6003A4132 /* DeArrow Extension.appex in Embed Foundation Extensions */ = {isa = PBXBuildFile; fileRef = 2DF370572A3BB4D6003A4132 /* DeArrow Extension.appex */; settings = {ATTRIBUTES = (RemoveHeadersOnCopy, ); }; };
		2DF3705E2A3BB4D6003A4132 /* Main.html in Resources */ = {isa = PBXBuildFile; fileRef = 2DF370212A3BB4D4003A4132 /* Main.html */; };
		2DF3705F2A3BB4D6003A4132 /* Main.html in Resources */ = {isa = PBXBuildFile; fileRef = 2DF370212A3BB4D4003A4132 /* Main.html */; };
		2DF370602A3BB4D6003A4132 /* Icon.png in Resources */ = {isa = PBXBuildFile; fileRef = 2DF370232A3BB4D4003A4132 /* Icon.png */; };
		2DF370612A3BB4D6003A4132 /* Icon.png in Resources */ = {isa = PBXBuildFile; fileRef = 2DF370232A3BB4D4003A4132 /* Icon.png */; };
		2DF370622A3BB4D6003A4132 /* Style.css in Resources */ = {isa = PBXBuildFile; fileRef = 2DF370242A3BB4D4003A4132 /* Style.css */; };
		2DF370632A3BB4D6003A4132 /* Style.css in Resources */ = {isa = PBXBuildFile; fileRef = 2DF370242A3BB4D4003A4132 /* Style.css */; };
		2DF370642A3BB4D6003A4132 /* Script.js in Resources */ = {isa = PBXBuildFile; fileRef = 2DF370252A3BB4D4003A4132 /* Script.js */; };
		2DF370652A3BB4D6003A4132 /* Script.js in Resources */ = {isa = PBXBuildFile; fileRef = 2DF370252A3BB4D4003A4132 /* Script.js */; };
		2DF370662A3BB4D6003A4132 /* ViewController.swift in Sources */ = {isa = PBXBuildFile; fileRef = 2DF370262A3BB4D4003A4132 /* ViewController.swift */; };
		2DF370672A3BB4D6003A4132 /* ViewController.swift in Sources */ = {isa = PBXBuildFile; fileRef = 2DF370262A3BB4D4003A4132 /* ViewController.swift */; };
		2DF370682A3BB4D6003A4132 /* Assets.xcassets in Resources */ = {isa = PBXBuildFile; fileRef = 2DF370272A3BB4D5003A4132 /* Assets.xcassets */; };
		2DF370692A3BB4D6003A4132 /* Assets.xcassets in Resources */ = {isa = PBXBuildFile; fileRef = 2DF370272A3BB4D5003A4132 /* Assets.xcassets */; };
		2DF3706A2A3BB4D6003A4132 /* SafariWebExtensionHandler.swift in Sources */ = {isa = PBXBuildFile; fileRef = 2DF370292A3BB4D5003A4132 /* SafariWebExtensionHandler.swift */; };
		2DF3706B2A3BB4D6003A4132 /* SafariWebExtensionHandler.swift in Sources */ = {isa = PBXBuildFile; fileRef = 2DF370292A3BB4D5003A4132 /* SafariWebExtensionHandler.swift */; };
		2DF370892A3BB4D6003A4132 /* options in Resources */ = {isa = PBXBuildFile; fileRef = 2DF3707D2A3BB4D6003A4132 /* options */; };
		2DF3708A2A3BB4D6003A4132 /* help.html in Resources */ = {isa = PBXBuildFile; fileRef = 2DF3707E2A3BB4D6003A4132 /* help.html */; };
		2DF3708B2A3BB4D6003A4132 /* oss-attribution in Resources */ = {isa = PBXBuildFile; fileRef = 2DF3707F2A3BB4D6003A4132 /* oss-attribution */; };
		2DF3708C2A3BB4D6003A4132 /* content.css in Resources */ = {isa = PBXBuildFile; fileRef = 2DF370802A3BB4D6003A4132 /* content.css */; };
		2DF3708D2A3BB4D6003A4132 /* js in Resources */ = {isa = PBXBuildFile; fileRef = 2DF370812A3BB4D6003A4132 /* js */; };
		2DF3708E2A3BB4D6003A4132 /* popup.html in Resources */ = {isa = PBXBuildFile; fileRef = 2DF370822A3BB4D6003A4132 /* popup.html */; };
		2DF3708F2A3BB4D6003A4132 /* shared.css in Resources */ = {isa = PBXBuildFile; fileRef = 2DF370832A3BB4D6003A4132 /* shared.css */; };
		2DF370902A3BB4D6003A4132 /* icons in Resources */ = {isa = PBXBuildFile; fileRef = 2DF370842A3BB4D6003A4132 /* icons */; };
		2DF370912A3BB4D6003A4132 /* manifest.json in Resources */ = {isa = PBXBuildFile; fileRef = 2DF370852A3BB4D6003A4132 /* manifest.json */; };
		2DF370922A3BB4D6003A4132 /* popup.css in Resources */ = {isa = PBXBuildFile; fileRef = 2DF370862A3BB4D6003A4132 /* popup.css */; };
		2DF370932A3BB4D6003A4132 /* _locales in Resources */ = {isa = PBXBuildFile; fileRef = 2DF370872A3BB4D6003A4132 /* _locales */; };
		2DF370942A3BB4D6003A4132 /* help.css in Resources */ = {isa = PBXBuildFile; fileRef = 2DF370882A3BB4D6003A4132 /* help.css */; };
		2DF370952A3BB4D6003A4132 /* options in Resources */ = {isa = PBXBuildFile; fileRef = 2DF3707D2A3BB4D6003A4132 /* options */; };
		2DF370962A3BB4D6003A4132 /* help.html in Resources */ = {isa = PBXBuildFile; fileRef = 2DF3707E2A3BB4D6003A4132 /* help.html */; };
		2DF370972A3BB4D6003A4132 /* oss-attribution in Resources */ = {isa = PBXBuildFile; fileRef = 2DF3707F2A3BB4D6003A4132 /* oss-attribution */; };
		2DF370982A3BB4D6003A4132 /* content.css in Resources */ = {isa = PBXBuildFile; fileRef = 2DF370802A3BB4D6003A4132 /* content.css */; };
		2DF370992A3BB4D6003A4132 /* js in Resources */ = {isa = PBXBuildFile; fileRef = 2DF370812A3BB4D6003A4132 /* js */; };
		2DF3709A2A3BB4D6003A4132 /* popup.html in Resources */ = {isa = PBXBuildFile; fileRef = 2DF370822A3BB4D6003A4132 /* popup.html */; };
		2DF3709B2A3BB4D6003A4132 /* shared.css in Resources */ = {isa = PBXBuildFile; fileRef = 2DF370832A3BB4D6003A4132 /* shared.css */; };
		2DF3709C2A3BB4D6003A4132 /* icons in Resources */ = {isa = PBXBuildFile; fileRef = 2DF370842A3BB4D6003A4132 /* icons */; };
		2DF3709D2A3BB4D6003A4132 /* manifest.json in Resources */ = {isa = PBXBuildFile; fileRef = 2DF370852A3BB4D6003A4132 /* manifest.json */; };
		2DF3709E2A3BB4D6003A4132 /* popup.css in Resources */ = {isa = PBXBuildFile; fileRef = 2DF370862A3BB4D6003A4132 /* popup.css */; };
		2DF3709F2A3BB4D6003A4132 /* _locales in Resources */ = {isa = PBXBuildFile; fileRef = 2DF370872A3BB4D6003A4132 /* _locales */; };
		2DF370A02A3BB4D6003A4132 /* help.css in Resources */ = {isa = PBXBuildFile; fileRef = 2DF370882A3BB4D6003A4132 /* help.css */; };
/* End PBXBuildFile section */

/* Begin PBXContainerItemProxy section */
		2DF3704F2A3BB4D6003A4132 /* PBXContainerItemProxy */ = {
			isa = PBXContainerItemProxy;
			containerPortal = 2DF3701B2A3BB4D3003A4132 /* Project object */;
			proxyType = 1;
			remoteGlobalIDString = 2DF3704C2A3BB4D6003A4132;
			remoteInfo = "DeArrow Extension (iOS)";
		};
		2DF370592A3BB4D6003A4132 /* PBXContainerItemProxy */ = {
			isa = PBXContainerItemProxy;
			containerPortal = 2DF3701B2A3BB4D3003A4132 /* Project object */;
			proxyType = 1;
			remoteGlobalIDString = 2DF370562A3BB4D6003A4132;
			remoteInfo = "DeArrow Extension (macOS)";
		};
/* End PBXContainerItemProxy section */

/* Begin PBXCopyFilesBuildPhase section */
		2DF370712A3BB4D6003A4132 /* Embed Foundation Extensions */ = {
			isa = PBXCopyFilesBuildPhase;
			buildActionMask = 2147483647;
			dstPath = "";
			dstSubfolderSpec = 13;
			files = (
				2DF3704E2A3BB4D6003A4132 /* DeArrow Extension.appex in Embed Foundation Extensions */,
			);
			name = "Embed Foundation Extensions";
			runOnlyForDeploymentPostprocessing = 0;
		};
		2DF370782A3BB4D6003A4132 /* Embed Foundation Extensions */ = {
			isa = PBXCopyFilesBuildPhase;
			buildActionMask = 2147483647;
			dstPath = "";
			dstSubfolderSpec = 13;
			files = (
				2DF370582A3BB4D6003A4132 /* DeArrow Extension.appex in Embed Foundation Extensions */,
			);
			name = "Embed Foundation Extensions";
			runOnlyForDeploymentPostprocessing = 0;
		};
/* End PBXCopyFilesBuildPhase section */

/* Begin PBXFileReference section */
		2D45C8D72D5DF63600DB36E7 /* casual.css */ = {isa = PBXFileReference; fileEncoding = 4; lastKnownFileType = text.css; name = casual.css; path = ../../../DeArrow/dist/casual.css; sourceTree = "<group>"; };
		2D81FBDC2A68F5F8001E21D5 /* ios_instructions.png */ = {isa = PBXFileReference; lastKnownFileType = image.png; path = ios_instructions.png; sourceTree = "<group>"; };
		2DF370222A3BB4D4003A4132 /* Base */ = {isa = PBXFileReference; lastKnownFileType = text.html; name = Base; path = ../Base.lproj/Main.html; sourceTree = "<group>"; };
		2DF370232A3BB4D4003A4132 /* Icon.png */ = {isa = PBXFileReference; lastKnownFileType = image.png; path = Icon.png; sourceTree = "<group>"; };
		2DF370242A3BB4D4003A4132 /* Style.css */ = {isa = PBXFileReference; lastKnownFileType = text.css; path = Style.css; sourceTree = "<group>"; };
		2DF370252A3BB4D4003A4132 /* Script.js */ = {isa = PBXFileReference; lastKnownFileType = sourcecode.javascript; path = Script.js; sourceTree = "<group>"; };
		2DF370262A3BB4D4003A4132 /* ViewController.swift */ = {isa = PBXFileReference; lastKnownFileType = sourcecode.swift; path = ViewController.swift; sourceTree = "<group>"; };
		2DF370272A3BB4D5003A4132 /* Assets.xcassets */ = {isa = PBXFileReference; lastKnownFileType = folder.assetcatalog; path = Assets.xcassets; sourceTree = "<group>"; };
		2DF370292A3BB4D5003A4132 /* SafariWebExtensionHandler.swift */ = {isa = PBXFileReference; lastKnownFileType = sourcecode.swift; path = SafariWebExtensionHandler.swift; sourceTree = "<group>"; };
		2DF3702E2A3BB4D5003A4132 /* DeArrow.app */ = {isa = PBXFileReference; explicitFileType = wrapper.application; includeInIndex = 0; path = DeArrow.app; sourceTree = BUILT_PRODUCTS_DIR; };
		2DF370312A3BB4D5003A4132 /* AppDelegate.swift */ = {isa = PBXFileReference; lastKnownFileType = sourcecode.swift; path = AppDelegate.swift; sourceTree = "<group>"; };
		2DF370332A3BB4D5003A4132 /* SceneDelegate.swift */ = {isa = PBXFileReference; lastKnownFileType = sourcecode.swift; path = SceneDelegate.swift; sourceTree = "<group>"; };
		2DF370362A3BB4D5003A4132 /* Base */ = {isa = PBXFileReference; lastKnownFileType = file.storyboard; name = Base; path = Base.lproj/LaunchScreen.storyboard; sourceTree = "<group>"; };
		2DF370392A3BB4D5003A4132 /* Base */ = {isa = PBXFileReference; lastKnownFileType = file.storyboard; name = Base; path = Base.lproj/Main.storyboard; sourceTree = "<group>"; };
		2DF3703B2A3BB4D5003A4132 /* Info.plist */ = {isa = PBXFileReference; lastKnownFileType = text.plist.xml; path = Info.plist; sourceTree = "<group>"; };
		2DF370402A3BB4D6003A4132 /* DeArrow.app */ = {isa = PBXFileReference; explicitFileType = wrapper.application; includeInIndex = 0; path = DeArrow.app; sourceTree = BUILT_PRODUCTS_DIR; };
		2DF370422A3BB4D6003A4132 /* AppDelegate.swift */ = {isa = PBXFileReference; lastKnownFileType = sourcecode.swift; path = AppDelegate.swift; sourceTree = "<group>"; };
		2DF370452A3BB4D6003A4132 /* Base */ = {isa = PBXFileReference; lastKnownFileType = file.storyboard; name = Base; path = Base.lproj/Main.storyboard; sourceTree = "<group>"; };
		2DF370472A3BB4D6003A4132 /* Info.plist */ = {isa = PBXFileReference; lastKnownFileType = text.plist.xml; path = Info.plist; sourceTree = "<group>"; };
		2DF370482A3BB4D6003A4132 /* DeArrow.entitlements */ = {isa = PBXFileReference; lastKnownFileType = text.plist.entitlements; path = DeArrow.entitlements; sourceTree = "<group>"; };
		2DF3704D2A3BB4D6003A4132 /* DeArrow Extension.appex */ = {isa = PBXFileReference; explicitFileType = "wrapper.app-extension"; includeInIndex = 0; path = "DeArrow Extension.appex"; sourceTree = BUILT_PRODUCTS_DIR; };
		2DF370522A3BB4D6003A4132 /* Info.plist */ = {isa = PBXFileReference; lastKnownFileType = text.plist.xml; path = Info.plist; sourceTree = "<group>"; };
		2DF370572A3BB4D6003A4132 /* DeArrow Extension.appex */ = {isa = PBXFileReference; explicitFileType = "wrapper.app-extension"; includeInIndex = 0; path = "DeArrow Extension.appex"; sourceTree = BUILT_PRODUCTS_DIR; };
		2DF3705C2A3BB4D6003A4132 /* Info.plist */ = {isa = PBXFileReference; lastKnownFileType = text.plist.xml; path = Info.plist; sourceTree = "<group>"; };
		2DF3705D2A3BB4D6003A4132 /* DeArrow.entitlements */ = {isa = PBXFileReference; lastKnownFileType = text.plist.entitlements; path = DeArrow.entitlements; sourceTree = "<group>"; };
		2DF3707D2A3BB4D6003A4132 /* options */ = {isa = PBXFileReference; lastKnownFileType = folder; name = options; path = ../../../DeArrow/dist/options; sourceTree = "<group>"; };
		2DF3707E2A3BB4D6003A4132 /* help.html */ = {isa = PBXFileReference; lastKnownFileType = text.html; name = help.html; path = ../../../DeArrow/dist/help.html; sourceTree = "<group>"; };
		2DF3707F2A3BB4D6003A4132 /* oss-attribution */ = {isa = PBXFileReference; lastKnownFileType = folder; name = "oss-attribution"; path = "../../../DeArrow/dist/oss-attribution"; sourceTree = "<group>"; };
		2DF370802A3BB4D6003A4132 /* content.css */ = {isa = PBXFileReference; lastKnownFileType = text.css; name = content.css; path = ../../../DeArrow/dist/content.css; sourceTree = "<group>"; };
		2DF370812A3BB4D6003A4132 /* js */ = {isa = PBXFileReference; lastKnownFileType = folder; name = js; path = ../../../DeArrow/dist/js; sourceTree = "<group>"; };
		2DF370822A3BB4D6003A4132 /* popup.html */ = {isa = PBXFileReference; lastKnownFileType = text.html; name = popup.html; path = ../../../DeArrow/dist/popup.html; sourceTree = "<group>"; };
		2DF370832A3BB4D6003A4132 /* shared.css */ = {isa = PBXFileReference; lastKnownFileType = text.css; name = shared.css; path = ../../../DeArrow/dist/shared.css; sourceTree = "<group>"; };
		2DF370842A3BB4D6003A4132 /* icons */ = {isa = PBXFileReference; lastKnownFileType = folder; name = icons; path = ../../../DeArrow/dist/icons; sourceTree = "<group>"; };
		2DF370852A3BB4D6003A4132 /* manifest.json */ = {isa = PBXFileReference; lastKnownFileType = text.json; name = manifest.json; path = ../../../DeArrow/dist/manifest.json; sourceTree = "<group>"; };
		2DF370862A3BB4D6003A4132 /* popup.css */ = {isa = PBXFileReference; lastKnownFileType = text.css; name = popup.css; path = ../../../DeArrow/dist/popup.css; sourceTree = "<group>"; };
		2DF370872A3BB4D6003A4132 /* _locales */ = {isa = PBXFileReference; lastKnownFileType = folder; name = _locales; path = ../../../DeArrow/dist/_locales; sourceTree = "<group>"; };
		2DF370882A3BB4D6003A4132 /* help.css */ = {isa = PBXFileReference; lastKnownFileType = text.css; name = help.css; path = ../../../DeArrow/dist/help.css; sourceTree = "<group>"; };
/* End PBXFileReference section */

/* Begin PBXFrameworksBuildPhase section */
		2DF3702B2A3BB4D5003A4132 /* Frameworks */ = {
			isa = PBXFrameworksBuildPhase;
			buildActionMask = 2147483647;
			files = (
			);
			runOnlyForDeploymentPostprocessing = 0;
		};
		2DF3703D2A3BB4D6003A4132 /* Frameworks */ = {
			isa = PBXFrameworksBuildPhase;
			buildActionMask = 2147483647;
			files = (
			);
			runOnlyForDeploymentPostprocessing = 0;
		};
		2DF3704A2A3BB4D6003A4132 /* Frameworks */ = {
			isa = PBXFrameworksBuildPhase;
			buildActionMask = 2147483647;
			files = (
			);
			runOnlyForDeploymentPostprocessing = 0;
		};
		2DF370542A3BB4D6003A4132 /* Frameworks */ = {
			isa = PBXFrameworksBuildPhase;
			buildActionMask = 2147483647;
			files = (
			);
			runOnlyForDeploymentPostprocessing = 0;
		};
/* End PBXFrameworksBuildPhase section */

/* Begin PBXGroup section */
		2DF3701A2A3BB4D3003A4132 = {
			isa = PBXGroup;
			children = (
				2DF3701F2A3BB4D4003A4132 /* Shared (App) */,
				2DF370282A3BB4D5003A4132 /* Shared (Extension) */,
				2DF370302A3BB4D5003A4132 /* iOS (App) */,
				2DF370412A3BB4D6003A4132 /* macOS (App) */,
				2DF370512A3BB4D6003A4132 /* iOS (Extension) */,
				2DF3705B2A3BB4D6003A4132 /* macOS (Extension) */,
				2DF3702F2A3BB4D5003A4132 /* Products */,
			);
			sourceTree = "<group>";
		};
		2DF3701F2A3BB4D4003A4132 /* Shared (App) */ = {
			isa = PBXGroup;
			children = (
				2DF370262A3BB4D4003A4132 /* ViewController.swift */,
				2DF370272A3BB4D5003A4132 /* Assets.xcassets */,
				2DF370202A3BB4D4003A4132 /* Resources */,
			);
			path = "Shared (App)";
			sourceTree = "<group>";
		};
		2DF370202A3BB4D4003A4132 /* Resources */ = {
			isa = PBXGroup;
			children = (
				2D81FBDC2A68F5F8001E21D5 /* ios_instructions.png */,
				2DF370212A3BB4D4003A4132 /* Main.html */,
				2DF370232A3BB4D4003A4132 /* Icon.png */,
				2DF370242A3BB4D4003A4132 /* Style.css */,
				2DF370252A3BB4D4003A4132 /* Script.js */,
			);
			path = Resources;
			sourceTree = "<group>";
		};
		2DF370282A3BB4D5003A4132 /* Shared (Extension) */ = {
			isa = PBXGroup;
			children = (
				2DF3707C2A3BB4D6003A4132 /* Resources */,
				2DF370292A3BB4D5003A4132 /* SafariWebExtensionHandler.swift */,
			);
			path = "Shared (Extension)";
			sourceTree = "<group>";
		};
		2DF3702F2A3BB4D5003A4132 /* Products */ = {
			isa = PBXGroup;
			children = (
				2DF3702E2A3BB4D5003A4132 /* DeArrow.app */,
				2DF370402A3BB4D6003A4132 /* DeArrow.app */,
				2DF3704D2A3BB4D6003A4132 /* DeArrow Extension.appex */,
				2DF370572A3BB4D6003A4132 /* DeArrow Extension.appex */,
			);
			name = Products;
			sourceTree = "<group>";
		};
		2DF370302A3BB4D5003A4132 /* iOS (App) */ = {
			isa = PBXGroup;
			children = (
				2DF370312A3BB4D5003A4132 /* AppDelegate.swift */,
				2DF370332A3BB4D5003A4132 /* SceneDelegate.swift */,
				2DF370352A3BB4D5003A4132 /* LaunchScreen.storyboard */,
				2DF370382A3BB4D5003A4132 /* Main.storyboard */,
				2DF3703B2A3BB4D5003A4132 /* Info.plist */,
			);
			path = "iOS (App)";
			sourceTree = "<group>";
		};
		2DF370412A3BB4D6003A4132 /* macOS (App) */ = {
			isa = PBXGroup;
			children = (
				2DF370422A3BB4D6003A4132 /* AppDelegate.swift */,
				2DF370442A3BB4D6003A4132 /* Main.storyboard */,
				2DF370472A3BB4D6003A4132 /* Info.plist */,
				2DF370482A3BB4D6003A4132 /* DeArrow.entitlements */,
			);
			path = "macOS (App)";
			sourceTree = "<group>";
		};
		2DF370512A3BB4D6003A4132 /* iOS (Extension) */ = {
			isa = PBXGroup;
			children = (
				2DF370522A3BB4D6003A4132 /* Info.plist */,
			);
			path = "iOS (Extension)";
			sourceTree = "<group>";
		};
		2DF3705B2A3BB4D6003A4132 /* macOS (Extension) */ = {
			isa = PBXGroup;
			children = (
				2DF3705C2A3BB4D6003A4132 /* Info.plist */,
				2DF3705D2A3BB4D6003A4132 /* DeArrow.entitlements */,
			);
			path = "macOS (Extension)";
			sourceTree = "<group>";
		};
		2DF3707C2A3BB4D6003A4132 /* Resources */ = {
			isa = PBXGroup;
			children = (
				2D45C8D72D5DF63600DB36E7 /* casual.css */,
				2DF3707D2A3BB4D6003A4132 /* options */,
				2DF3707E2A3BB4D6003A4132 /* help.html */,
				2DF3707F2A3BB4D6003A4132 /* oss-attribution */,
				2DF370802A3BB4D6003A4132 /* content.css */,
				2DF370812A3BB4D6003A4132 /* js */,
				2DF370822A3BB4D6003A4132 /* popup.html */,
				2DF370832A3BB4D6003A4132 /* shared.css */,
				2DF370842A3BB4D6003A4132 /* icons */,
				2DF370852A3BB4D6003A4132 /* manifest.json */,
				2DF370862A3BB4D6003A4132 /* popup.css */,
				2DF370872A3BB4D6003A4132 /* _locales */,
				2DF370882A3BB4D6003A4132 /* help.css */,
			);
			name = Resources;
			path = "Shared (Extension)";
			sourceTree = SOURCE_ROOT;
		};
/* End PBXGroup section */

/* Begin PBXNativeTarget section */
		2DF3702D2A3BB4D5003A4132 /* DeArrow (iOS) */ = {
			isa = PBXNativeTarget;
			buildConfigurationList = 2DF370722A3BB4D6003A4132 /* Build configuration list for PBXNativeTarget "DeArrow (iOS)" */;
			buildPhases = (
				2DF3702A2A3BB4D5003A4132 /* Sources */,
				2DF3702B2A3BB4D5003A4132 /* Frameworks */,
				2DF3702C2A3BB4D5003A4132 /* Resources */,
				2DF370712A3BB4D6003A4132 /* Embed Foundation Extensions */,
			);
			buildRules = (
			);
			dependencies = (
				2DF370502A3BB4D6003A4132 /* PBXTargetDependency */,
			);
			name = "DeArrow (iOS)";
			productName = "DeArrow (iOS)";
			productReference = 2DF3702E2A3BB4D5003A4132 /* DeArrow.app */;
			productType = "com.apple.product-type.application";
		};
		2DF3703F2A3BB4D6003A4132 /* DeArrow (macOS) */ = {
			isa = PBXNativeTarget;
			buildConfigurationList = 2DF370792A3BB4D6003A4132 /* Build configuration list for PBXNativeTarget "DeArrow (macOS)" */;
			buildPhases = (
				2DF3703C2A3BB4D6003A4132 /* Sources */,
				2DF3703D2A3BB4D6003A4132 /* Frameworks */,
				2DF3703E2A3BB4D6003A4132 /* Resources */,
				2DF370782A3BB4D6003A4132 /* Embed Foundation Extensions */,
			);
			buildRules = (
			);
			dependencies = (
				2DF3705A2A3BB4D6003A4132 /* PBXTargetDependency */,
			);
			name = "DeArrow (macOS)";
			productName = "DeArrow (macOS)";
			productReference = 2DF370402A3BB4D6003A4132 /* DeArrow.app */;
			productType = "com.apple.product-type.application";
		};
		2DF3704C2A3BB4D6003A4132 /* DeArrow Extension (iOS) */ = {
			isa = PBXNativeTarget;
			buildConfigurationList = 2DF3706E2A3BB4D6003A4132 /* Build configuration list for PBXNativeTarget "DeArrow Extension (iOS)" */;
			buildPhases = (
				2DF370492A3BB4D6003A4132 /* Sources */,
				2DF3704A2A3BB4D6003A4132 /* Frameworks */,
				2DF3704B2A3BB4D6003A4132 /* Resources */,
			);
			buildRules = (
			);
			dependencies = (
			);
			name = "DeArrow Extension (iOS)";
			productName = "DeArrow Extension (iOS)";
			productReference = 2DF3704D2A3BB4D6003A4132 /* DeArrow Extension.appex */;
			productType = "com.apple.product-type.app-extension";
		};
		2DF370562A3BB4D6003A4132 /* DeArrow Extension (macOS) */ = {
			isa = PBXNativeTarget;
			buildConfigurationList = 2DF370752A3BB4D6003A4132 /* Build configuration list for PBXNativeTarget "DeArrow Extension (macOS)" */;
			buildPhases = (
				2DF370532A3BB4D6003A4132 /* Sources */,
				2DF370542A3BB4D6003A4132 /* Frameworks */,
				2DF370552A3BB4D6003A4132 /* Resources */,
			);
			buildRules = (
			);
			dependencies = (
			);
			name = "DeArrow Extension (macOS)";
			productName = "DeArrow Extension (macOS)";
			productReference = 2DF370572A3BB4D6003A4132 /* DeArrow Extension.appex */;
			productType = "com.apple.product-type.app-extension";
		};
/* End PBXNativeTarget section */

/* Begin PBXProject section */
		2DF3701B2A3BB4D3003A4132 /* Project object */ = {
			isa = PBXProject;
			attributes = {
				BuildIndependentTargetsInParallel = 1;
				LastSwiftUpdateCheck = 1420;
				LastUpgradeCheck = 1530;
				TargetAttributes = {
					2DF3702D2A3BB4D5003A4132 = {
						CreatedOnToolsVersion = 14.2;
					};
					2DF3703F2A3BB4D6003A4132 = {
						CreatedOnToolsVersion = 14.2;
					};
					2DF3704C2A3BB4D6003A4132 = {
						CreatedOnToolsVersion = 14.2;
					};
					2DF370562A3BB4D6003A4132 = {
						CreatedOnToolsVersion = 14.2;
					};
				};
			};
			buildConfigurationList = 2DF3701E2A3BB4D3003A4132 /* Build configuration list for PBXProject "DeArrow" */;
			compatibilityVersion = "Xcode 14.0";
			developmentRegion = en;
			hasScannedForEncodings = 0;
			knownRegions = (
				en,
				Base,
			);
			mainGroup = 2DF3701A2A3BB4D3003A4132;
			productRefGroup = 2DF3702F2A3BB4D5003A4132 /* Products */;
			projectDirPath = "";
			projectRoot = "";
			targets = (
				2DF3702D2A3BB4D5003A4132 /* DeArrow (iOS) */,
				2DF3703F2A3BB4D6003A4132 /* DeArrow (macOS) */,
				2DF3704C2A3BB4D6003A4132 /* DeArrow Extension (iOS) */,
				2DF370562A3BB4D6003A4132 /* DeArrow Extension (macOS) */,
			);
		};
/* End PBXProject section */

/* Begin PBXResourcesBuildPhase section */
		2DF3702C2A3BB4D5003A4132 /* Resources */ = {
			isa = PBXResourcesBuildPhase;
			buildActionMask = 2147483647;
			files = (
				2DF370602A3BB4D6003A4132 /* Icon.png in Resources */,
				2DF370372A3BB4D5003A4132 /* LaunchScreen.storyboard in Resources */,
				2DF3705E2A3BB4D6003A4132 /* Main.html in Resources */,
				2DF370642A3BB4D6003A4132 /* Script.js in Resources */,
				2DF370682A3BB4D6003A4132 /* Assets.xcassets in Resources */,
				2DF3703A2A3BB4D5003A4132 /* Main.storyboard in Resources */,
				2D81FBDD2A68F5F8001E21D5 /* ios_instructions.png in Resources */,
				2DF370622A3BB4D6003A4132 /* Style.css in Resources */,
			);
			runOnlyForDeploymentPostprocessing = 0;
		};
		2DF3703E2A3BB4D6003A4132 /* Resources */ = {
			isa = PBXResourcesBuildPhase;
			buildActionMask = 2147483647;
			files = (
				2D81FBDE2A68F5F8001E21D5 /* ios_instructions.png in Resources */,
				2DF370612A3BB4D6003A4132 /* Icon.png in Resources */,
				2DF370632A3BB4D6003A4132 /* Style.css in Resources */,
				2DF370462A3BB4D6003A4132 /* Main.storyboard in Resources */,
				2DF370652A3BB4D6003A4132 /* Script.js in Resources */,
				2DF370692A3BB4D6003A4132 /* Assets.xcassets in Resources */,
				2DF3705F2A3BB4D6003A4132 /* Main.html in Resources */,
			);
			runOnlyForDeploymentPostprocessing = 0;
		};
		2DF3704B2A3BB4D6003A4132 /* Resources */ = {
			isa = PBXResourcesBuildPhase;
			buildActionMask = 2147483647;
			files = (
				2DF3709E2A3BB4D6003A4132 /* popup.css in Resources */,
				2DF370992A3BB4D6003A4132 /* js in Resources */,
				2DF3709C2A3BB4D6003A4132 /* icons in Resources */,
				2DF3709A2A3BB4D6003A4132 /* popup.html in Resources */,
				2DF370972A3BB4D6003A4132 /* oss-attribution in Resources */,
				2DF3709D2A3BB4D6003A4132 /* manifest.json in Resources */,
				2D45C8D82D5DF63600DB36E7 /* casual.css in Resources */,
				2DF370982A3BB4D6003A4132 /* content.css in Resources */,
				2DF370952A3BB4D6003A4132 /* options in Resources */,
				2DF370A02A3BB4D6003A4132 /* help.css in Resources */,
				2DF3709B2A3BB4D6003A4132 /* shared.css in Resources */,
				2DF3709F2A3BB4D6003A4132 /* _locales in Resources */,
				2DF370962A3BB4D6003A4132 /* help.html in Resources */,
			);
			runOnlyForDeploymentPostprocessing = 0;
		};
		2DF370552A3BB4D6003A4132 /* Resources */ = {
			isa = PBXResourcesBuildPhase;
			buildActionMask = 2147483647;
			files = (
				2DF370922A3BB4D6003A4132 /* popup.css in Resources */,
				2DF3708D2A3BB4D6003A4132 /* js in Resources */,
				2DF370902A3BB4D6003A4132 /* icons in Resources */,
				2DF3708E2A3BB4D6003A4132 /* popup.html in Resources */,
				2DF3708B2A3BB4D6003A4132 /* oss-attribution in Resources */,
				2DF370912A3BB4D6003A4132 /* manifest.json in Resources */,
				2D45C8D92D5DF63600DB36E7 /* casual.css in Resources */,
				2DF3708C2A3BB4D6003A4132 /* content.css in Resources */,
				2DF370892A3BB4D6003A4132 /* options in Resources */,
				2DF370942A3BB4D6003A4132 /* help.css in Resources */,
				2DF3708F2A3BB4D6003A4132 /* shared.css in Resources */,
				2DF370932A3BB4D6003A4132 /* _locales in Resources */,
				2DF3708A2A3BB4D6003A4132 /* help.html in Resources */,
			);
			runOnlyForDeploymentPostprocessing = 0;
		};
/* End PBXResourcesBuildPhase section */

/* Begin PBXSourcesBuildPhase section */
		2DF3702A2A3BB4D5003A4132 /* Sources */ = {
			isa = PBXSourcesBuildPhase;
			buildActionMask = 2147483647;
			files = (
				2DF370662A3BB4D6003A4132 /* ViewController.swift in Sources */,
				2DF370322A3BB4D5003A4132 /* AppDelegate.swift in Sources */,
				2DF370342A3BB4D5003A4132 /* SceneDelegate.swift in Sources */,
			);
			runOnlyForDeploymentPostprocessing = 0;
		};
		2DF3703C2A3BB4D6003A4132 /* Sources */ = {
			isa = PBXSourcesBuildPhase;
			buildActionMask = 2147483647;
			files = (
				2DF370672A3BB4D6003A4132 /* ViewController.swift in Sources */,
				2DF370432A3BB4D6003A4132 /* AppDelegate.swift in Sources */,
			);
			runOnlyForDeploymentPostprocessing = 0;
		};
		2DF370492A3BB4D6003A4132 /* Sources */ = {
			isa = PBXSourcesBuildPhase;
			buildActionMask = 2147483647;
			files = (
				2DF3706A2A3BB4D6003A4132 /* SafariWebExtensionHandler.swift in Sources */,
			);
			runOnlyForDeploymentPostprocessing = 0;
		};
		2DF370532A3BB4D6003A4132 /* Sources */ = {
			isa = PBXSourcesBuildPhase;
			buildActionMask = 2147483647;
			files = (
				2DF3706B2A3BB4D6003A4132 /* SafariWebExtensionHandler.swift in Sources */,
			);
			runOnlyForDeploymentPostprocessing = 0;
		};
/* End PBXSourcesBuildPhase section */

/* Begin PBXTargetDependency section */
		2DF370502A3BB4D6003A4132 /* PBXTargetDependency */ = {
			isa = PBXTargetDependency;
			target = 2DF3704C2A3BB4D6003A4132 /* DeArrow Extension (iOS) */;
			targetProxy = 2DF3704F2A3BB4D6003A4132 /* PBXContainerItemProxy */;
		};
		2DF3705A2A3BB4D6003A4132 /* PBXTargetDependency */ = {
			isa = PBXTargetDependency;
			target = 2DF370562A3BB4D6003A4132 /* DeArrow Extension (macOS) */;
			targetProxy = 2DF370592A3BB4D6003A4132 /* PBXContainerItemProxy */;
		};
/* End PBXTargetDependency section */

/* Begin PBXVariantGroup section */
		2DF370212A3BB4D4003A4132 /* Main.html */ = {
			isa = PBXVariantGroup;
			children = (
				2DF370222A3BB4D4003A4132 /* Base */,
			);
			name = Main.html;
			sourceTree = "<group>";
		};
		2DF370352A3BB4D5003A4132 /* LaunchScreen.storyboard */ = {
			isa = PBXVariantGroup;
			children = (
				2DF370362A3BB4D5003A4132 /* Base */,
			);
			name = LaunchScreen.storyboard;
			sourceTree = "<group>";
		};
		2DF370382A3BB4D5003A4132 /* Main.storyboard */ = {
			isa = PBXVariantGroup;
			children = (
				2DF370392A3BB4D5003A4132 /* Base */,
			);
			name = Main.storyboard;
			sourceTree = "<group>";
		};
		2DF370442A3BB4D6003A4132 /* Main.storyboard */ = {
			isa = PBXVariantGroup;
			children = (
				2DF370452A3BB4D6003A4132 /* Base */,
			);
			name = Main.storyboard;
			sourceTree = "<group>";
		};
/* End PBXVariantGroup section */

/* Begin XCBuildConfiguration section */
		2DF3706C2A3BB4D6003A4132 /* Debug */ = {
			isa = XCBuildConfiguration;
			buildSettings = {
				ALWAYS_SEARCH_USER_PATHS = NO;
				CLANG_ANALYZER_NONNULL = YES;
				CLANG_ANALYZER_NUMBER_OBJECT_CONVERSION = YES_AGGRESSIVE;
				CLANG_CXX_LANGUAGE_STANDARD = "gnu++20";
				CLANG_ENABLE_MODULES = YES;
				CLANG_ENABLE_OBJC_ARC = YES;
				CLANG_ENABLE_OBJC_WEAK = YES;
				CLANG_WARN_BLOCK_CAPTURE_AUTORELEASING = YES;
				CLANG_WARN_BOOL_CONVERSION = YES;
				CLANG_WARN_COMMA = YES;
				CLANG_WARN_CONSTANT_CONVERSION = YES;
				CLANG_WARN_DEPRECATED_OBJC_IMPLEMENTATIONS = YES;
				CLANG_WARN_DIRECT_OBJC_ISA_USAGE = YES_ERROR;
				CLANG_WARN_DOCUMENTATION_COMMENTS = YES;
				CLANG_WARN_EMPTY_BODY = YES;
				CLANG_WARN_ENUM_CONVERSION = YES;
				CLANG_WARN_INFINITE_RECURSION = YES;
				CLANG_WARN_INT_CONVERSION = YES;
				CLANG_WARN_NON_LITERAL_NULL_CONVERSION = YES;
				CLANG_WARN_OBJC_IMPLICIT_RETAIN_SELF = YES;
				CLANG_WARN_OBJC_LITERAL_CONVERSION = YES;
				CLANG_WARN_OBJC_ROOT_CLASS = YES_ERROR;
				CLANG_WARN_QUOTED_INCLUDE_IN_FRAMEWORK_HEADER = YES;
				CLANG_WARN_RANGE_LOOP_ANALYSIS = YES;
				CLANG_WARN_STRICT_PROTOTYPES = YES;
				CLANG_WARN_SUSPICIOUS_MOVE = YES;
				CLANG_WARN_UNGUARDED_AVAILABILITY = YES_AGGRESSIVE;
				CLANG_WARN_UNREACHABLE_CODE = YES;
				CLANG_WARN__DUPLICATE_METHOD_MATCH = YES;
				COPY_PHASE_STRIP = NO;
				DEAD_CODE_STRIPPING = YES;
				DEBUG_INFORMATION_FORMAT = dwarf;
				ENABLE_STRICT_OBJC_MSGSEND = YES;
				ENABLE_TESTABILITY = YES;
				ENABLE_USER_SCRIPT_SANDBOXING = YES;
				GCC_C_LANGUAGE_STANDARD = gnu11;
				GCC_DYNAMIC_NO_PIC = NO;
				GCC_NO_COMMON_BLOCKS = YES;
				GCC_OPTIMIZATION_LEVEL = 0;
				GCC_PREPROCESSOR_DEFINITIONS = (
					"DEBUG=1",
					"$(inherited)",
				);
				GCC_WARN_64_TO_32_BIT_CONVERSION = YES;
				GCC_WARN_ABOUT_RETURN_TYPE = YES_ERROR;
				GCC_WARN_UNDECLARED_SELECTOR = YES;
				GCC_WARN_UNINITIALIZED_AUTOS = YES_AGGRESSIVE;
				GCC_WARN_UNUSED_FUNCTION = YES;
				GCC_WARN_UNUSED_VARIABLE = YES;
				MTL_ENABLE_DEBUG_INFO = INCLUDE_SOURCE;
				MTL_FAST_MATH = YES;
				ONLY_ACTIVE_ARCH = YES;
				SWIFT_ACTIVE_COMPILATION_CONDITIONS = DEBUG;
				SWIFT_OPTIMIZATION_LEVEL = "-Onone";
			};
			name = Debug;
		};
		2DF3706D2A3BB4D6003A4132 /* Release */ = {
			isa = XCBuildConfiguration;
			buildSettings = {
				ALWAYS_SEARCH_USER_PATHS = NO;
				CLANG_ANALYZER_NONNULL = YES;
				CLANG_ANALYZER_NUMBER_OBJECT_CONVERSION = YES_AGGRESSIVE;
				CLANG_CXX_LANGUAGE_STANDARD = "gnu++20";
				CLANG_ENABLE_MODULES = YES;
				CLANG_ENABLE_OBJC_ARC = YES;
				CLANG_ENABLE_OBJC_WEAK = YES;
				CLANG_WARN_BLOCK_CAPTURE_AUTORELEASING = YES;
				CLANG_WARN_BOOL_CONVERSION = YES;
				CLANG_WARN_COMMA = YES;
				CLANG_WARN_CONSTANT_CONVERSION = YES;
				CLANG_WARN_DEPRECATED_OBJC_IMPLEMENTATIONS = YES;
				CLANG_WARN_DIRECT_OBJC_ISA_USAGE = YES_ERROR;
				CLANG_WARN_DOCUMENTATION_COMMENTS = YES;
				CLANG_WARN_EMPTY_BODY = YES;
				CLANG_WARN_ENUM_CONVERSION = YES;
				CLANG_WARN_INFINITE_RECURSION = YES;
				CLANG_WARN_INT_CONVERSION = YES;
				CLANG_WARN_NON_LITERAL_NULL_CONVERSION = YES;
				CLANG_WARN_OBJC_IMPLICIT_RETAIN_SELF = YES;
				CLANG_WARN_OBJC_LITERAL_CONVERSION = YES;
				CLANG_WARN_OBJC_ROOT_CLASS = YES_ERROR;
				CLANG_WARN_QUOTED_INCLUDE_IN_FRAMEWORK_HEADER = YES;
				CLANG_WARN_RANGE_LOOP_ANALYSIS = YES;
				CLANG_WARN_STRICT_PROTOTYPES = YES;
				CLANG_WARN_SUSPICIOUS_MOVE = YES;
				CLANG_WARN_UNGUARDED_AVAILABILITY = YES_AGGRESSIVE;
				CLANG_WARN_UNREACHABLE_CODE = YES;
				CLANG_WARN__DUPLICATE_METHOD_MATCH = YES;
				COPY_PHASE_STRIP = NO;
				DEAD_CODE_STRIPPING = YES;
				DEBUG_INFORMATION_FORMAT = "dwarf-with-dsym";
				ENABLE_NS_ASSERTIONS = NO;
				ENABLE_STRICT_OBJC_MSGSEND = YES;
				ENABLE_USER_SCRIPT_SANDBOXING = YES;
				GCC_C_LANGUAGE_STANDARD = gnu11;
				GCC_NO_COMMON_BLOCKS = YES;
				GCC_WARN_64_TO_32_BIT_CONVERSION = YES;
				GCC_WARN_ABOUT_RETURN_TYPE = YES_ERROR;
				GCC_WARN_UNDECLARED_SELECTOR = YES;
				GCC_WARN_UNINITIALIZED_AUTOS = YES_AGGRESSIVE;
				GCC_WARN_UNUSED_FUNCTION = YES;
				GCC_WARN_UNUSED_VARIABLE = YES;
				MTL_ENABLE_DEBUG_INFO = NO;
				MTL_FAST_MATH = YES;
				SWIFT_COMPILATION_MODE = wholemodule;
				SWIFT_OPTIMIZATION_LEVEL = "-O";
			};
			name = Release;
		};
		2DF3706F2A3BB4D6003A4132 /* Debug */ = {
			isa = XCBuildConfiguration;
			buildSettings = {
				CODE_SIGN_IDENTITY = "Apple Development";
				"CODE_SIGN_IDENTITY[sdk=iphoneos*]" = "iPhone Distribution";
				CODE_SIGN_STYLE = Manual;
				CURRENT_PROJECT_VERSION = 5;
				DEVELOPMENT_TEAM = "";
				"DEVELOPMENT_TEAM[sdk=iphoneos*]" = 2PCQH7P6MB;
				GENERATE_INFOPLIST_FILE = YES;
				INFOPLIST_FILE = "iOS (Extension)/Info.plist";
				INFOPLIST_KEY_CFBundleDisplayName = "DeArrow Extension";
				INFOPLIST_KEY_NSHumanReadableCopyright = "";
				IPHONEOS_DEPLOYMENT_TARGET = 15.0;
				LD_RUNPATH_SEARCH_PATHS = (
					"$(inherited)",
					"@executable_path/Frameworks",
					"@executable_path/../../Frameworks",
				);
				MARKETING_VERSION = 1.2.1;
				OTHER_LDFLAGS = (
					"-framework",
					SafariServices,
				);
				PRODUCT_BUNDLE_IDENTIFIER = app.ajay.dearrow.extension;
				PRODUCT_NAME = "DeArrow Extension";
				PROVISIONING_PROFILE_SPECIFIER = "";
				"PROVISIONING_PROFILE_SPECIFIER[sdk=iphoneos*]" = "DeArrow Extension 2";
				SDKROOT = iphoneos;
				SKIP_INSTALL = YES;
				SWIFT_EMIT_LOC_STRINGS = YES;
				SWIFT_VERSION = 5.0;
				TARGETED_DEVICE_FAMILY = "1,2";
			};
			name = Debug;
		};
		2DF370702A3BB4D6003A4132 /* Release */ = {
			isa = XCBuildConfiguration;
			buildSettings = {
				CODE_SIGN_IDENTITY = "Apple Development";
				"CODE_SIGN_IDENTITY[sdk=iphoneos*]" = "iPhone Distribution";
				CODE_SIGN_STYLE = Manual;
				CURRENT_PROJECT_VERSION = 5;
				DEVELOPMENT_TEAM = "";
				"DEVELOPMENT_TEAM[sdk=iphoneos*]" = 2PCQH7P6MB;
				GENERATE_INFOPLIST_FILE = YES;
				INFOPLIST_FILE = "iOS (Extension)/Info.plist";
				INFOPLIST_KEY_CFBundleDisplayName = "DeArrow Extension";
				INFOPLIST_KEY_NSHumanReadableCopyright = "";
				IPHONEOS_DEPLOYMENT_TARGET = 15.0;
				LD_RUNPATH_SEARCH_PATHS = (
					"$(inherited)",
					"@executable_path/Frameworks",
					"@executable_path/../../Frameworks",
				);
				MARKETING_VERSION = 1.2.1;
				OTHER_LDFLAGS = (
					"-framework",
					SafariServices,
				);
				PRODUCT_BUNDLE_IDENTIFIER = app.ajay.dearrow.extension;
				PRODUCT_NAME = "DeArrow Extension";
				PROVISIONING_PROFILE_SPECIFIER = "";
				"PROVISIONING_PROFILE_SPECIFIER[sdk=iphoneos*]" = "DeArrow Extension 2";
				SDKROOT = iphoneos;
				SKIP_INSTALL = YES;
				SWIFT_EMIT_LOC_STRINGS = YES;
				SWIFT_VERSION = 5.0;
				TARGETED_DEVICE_FAMILY = "1,2";
				VALIDATE_PRODUCT = YES;
			};
			name = Release;
		};
		2DF370732A3BB4D6003A4132 /* Debug */ = {
			isa = XCBuildConfiguration;
			buildSettings = {
				ALWAYS_EMBED_SWIFT_STANDARD_LIBRARIES = YES;
				ASSETCATALOG_COMPILER_APPICON_NAME = AppIcon;
				ASSETCATALOG_COMPILER_GLOBAL_ACCENT_COLOR_NAME = AccentColor;
				ASSETCATALOG_COMPILER_INCLUDE_ALL_APPICON_ASSETS = NO;
				CODE_SIGN_IDENTITY = "Apple Development";
				"CODE_SIGN_IDENTITY[sdk=iphoneos*]" = "iPhone Distribution";
				CODE_SIGN_STYLE = Manual;
				CURRENT_PROJECT_VERSION = 42;
				DEVELOPMENT_TEAM = "";
				"DEVELOPMENT_TEAM[sdk=iphoneos*]" = 2PCQH7P6MB;
				GENERATE_INFOPLIST_FILE = YES;
				INFOPLIST_FILE = "iOS (App)/Info.plist";
				INFOPLIST_KEY_CFBundleDisplayName = DeArrow;
				INFOPLIST_KEY_LSApplicationCategoryType = "public.app-category.productivity";
				INFOPLIST_KEY_UIApplicationSupportsIndirectInputEvents = YES;
				INFOPLIST_KEY_UILaunchStoryboardName = LaunchScreen;
				INFOPLIST_KEY_UIMainStoryboardFile = Main;
				INFOPLIST_KEY_UISupportedInterfaceOrientations = "UIInterfaceOrientationPortrait UIInterfaceOrientationLandscapeLeft UIInterfaceOrientationLandscapeRight";
				INFOPLIST_KEY_UISupportedInterfaceOrientations_iPad = "UIInterfaceOrientationPortrait UIInterfaceOrientationPortraitUpsideDown UIInterfaceOrientationLandscapeLeft UIInterfaceOrientationLandscapeRight";
				IPHONEOS_DEPLOYMENT_TARGET = 15.0;
				LD_RUNPATH_SEARCH_PATHS = (
					"$(inherited)",
					"@executable_path/Frameworks",
				);
				MARKETING_VERSION = 2.0.6;
				OTHER_LDFLAGS = (
					"-framework",
					SafariServices,
					"-framework",
					WebKit,
				);
				PRODUCT_BUNDLE_IDENTIFIER = app.ajay.dearrow;
				PRODUCT_NAME = DeArrow;
				PROVISIONING_PROFILE_SPECIFIER = "";
				"PROVISIONING_PROFILE_SPECIFIER[sdk=iphoneos*]" = "DeArrow 2";
				SDKROOT = iphoneos;
				SWIFT_EMIT_LOC_STRINGS = YES;
				SWIFT_VERSION = 5.0;
				TARGETED_DEVICE_FAMILY = "1,2";
			};
			name = Debug;
		};
		2DF370742A3BB4D6003A4132 /* Release */ = {
			isa = XCBuildConfiguration;
			buildSettings = {
				ALWAYS_EMBED_SWIFT_STANDARD_LIBRARIES = YES;
				ASSETCATALOG_COMPILER_APPICON_NAME = AppIcon;
				ASSETCATALOG_COMPILER_GLOBAL_ACCENT_COLOR_NAME = AccentColor;
				ASSETCATALOG_COMPILER_INCLUDE_ALL_APPICON_ASSETS = NO;
				CODE_SIGN_IDENTITY = "Apple Development";
				"CODE_SIGN_IDENTITY[sdk=iphoneos*]" = "iPhone Distribution";
				CODE_SIGN_STYLE = Manual;
				CURRENT_PROJECT_VERSION = 42;
				DEVELOPMENT_TEAM = "";
				"DEVELOPMENT_TEAM[sdk=iphoneos*]" = 2PCQH7P6MB;
				GENERATE_INFOPLIST_FILE = YES;
				INFOPLIST_FILE = "iOS (App)/Info.plist";
				INFOPLIST_KEY_CFBundleDisplayName = DeArrow;
				INFOPLIST_KEY_LSApplicationCategoryType = "public.app-category.productivity";
				INFOPLIST_KEY_UIApplicationSupportsIndirectInputEvents = YES;
				INFOPLIST_KEY_UILaunchStoryboardName = LaunchScreen;
				INFOPLIST_KEY_UIMainStoryboardFile = Main;
				INFOPLIST_KEY_UISupportedInterfaceOrientations = "UIInterfaceOrientationPortrait UIInterfaceOrientationLandscapeLeft UIInterfaceOrientationLandscapeRight";
				INFOPLIST_KEY_UISupportedInterfaceOrientations_iPad = "UIInterfaceOrientationPortrait UIInterfaceOrientationPortraitUpsideDown UIInterfaceOrientationLandscapeLeft UIInterfaceOrientationLandscapeRight";
				IPHONEOS_DEPLOYMENT_TARGET = 15.0;
				LD_RUNPATH_SEARCH_PATHS = (
					"$(inherited)",
					"@executable_path/Frameworks",
				);
				MARKETING_VERSION = 2.0.6;
				OTHER_LDFLAGS = (
					"-framework",
					SafariServices,
					"-framework",
					WebKit,
				);
				PRODUCT_BUNDLE_IDENTIFIER = app.ajay.dearrow;
				PRODUCT_NAME = DeArrow;
				PROVISIONING_PROFILE_SPECIFIER = "";
				"PROVISIONING_PROFILE_SPECIFIER[sdk=iphoneos*]" = "DeArrow 2";
				SDKROOT = iphoneos;
				SWIFT_EMIT_LOC_STRINGS = YES;
				SWIFT_VERSION = 5.0;
				TARGETED_DEVICE_FAMILY = "1,2";
				VALIDATE_PRODUCT = YES;
			};
			name = Release;
		};
		2DF370762A3BB4D6003A4132 /* Debug */ = {
			isa = XCBuildConfiguration;
			buildSettings = {
				CODE_SIGN_ENTITLEMENTS = "macOS (Extension)/DeArrow.entitlements";
				CODE_SIGN_STYLE = Automatic;
				CURRENT_PROJECT_VERSION = 5;
				DEAD_CODE_STRIPPING = YES;
				DEVELOPMENT_TEAM = 2PCQH7P6MB;
				ENABLE_HARDENED_RUNTIME = YES;
				GENERATE_INFOPLIST_FILE = YES;
				INFOPLIST_FILE = "macOS (Extension)/Info.plist";
				INFOPLIST_KEY_CFBundleDisplayName = "DeArrow Extension";
				INFOPLIST_KEY_NSHumanReadableCopyright = "";
				LD_RUNPATH_SEARCH_PATHS = (
					"$(inherited)",
					"@executable_path/../Frameworks",
					"@executable_path/../../../../Frameworks",
				);
				MACOSX_DEPLOYMENT_TARGET = "$(RECOMMENDED_MACOSX_DEPLOYMENT_TARGET)";
				MARKETING_VERSION = 1.2.1;
				OTHER_LDFLAGS = (
					"-framework",
					SafariServices,
				);
				PRODUCT_BUNDLE_IDENTIFIER = app.ajay.dearrow.extension;
				PRODUCT_NAME = "DeArrow Extension";
				SDKROOT = macosx;
				SKIP_INSTALL = YES;
				SWIFT_EMIT_LOC_STRINGS = YES;
				SWIFT_VERSION = 5.0;
			};
			name = Debug;
		};
		2DF370772A3BB4D6003A4132 /* Release */ = {
			isa = XCBuildConfiguration;
			buildSettings = {
				CODE_SIGN_ENTITLEMENTS = "macOS (Extension)/DeArrow.entitlements";
				CODE_SIGN_STYLE = Automatic;
				CURRENT_PROJECT_VERSION = 5;
				DEAD_CODE_STRIPPING = YES;
				DEVELOPMENT_TEAM = 2PCQH7P6MB;
				ENABLE_HARDENED_RUNTIME = YES;
				GENERATE_INFOPLIST_FILE = YES;
				INFOPLIST_FILE = "macOS (Extension)/Info.plist";
				INFOPLIST_KEY_CFBundleDisplayName = "DeArrow Extension";
				INFOPLIST_KEY_NSHumanReadableCopyright = "";
				LD_RUNPATH_SEARCH_PATHS = (
					"$(inherited)",
					"@executable_path/../Frameworks",
					"@executable_path/../../../../Frameworks",
				);
				MACOSX_DEPLOYMENT_TARGET = "$(RECOMMENDED_MACOSX_DEPLOYMENT_TARGET)";
				MARKETING_VERSION = 1.2.1;
				OTHER_LDFLAGS = (
					"-framework",
					SafariServices,
				);
				PRODUCT_BUNDLE_IDENTIFIER = app.ajay.dearrow.extension;
				PRODUCT_NAME = "DeArrow Extension";
				SDKROOT = macosx;
				SKIP_INSTALL = YES;
				SWIFT_EMIT_LOC_STRINGS = YES;
				SWIFT_VERSION = 5.0;
			};
			name = Release;
		};
		2DF3707A2A3BB4D6003A4132 /* Debug */ = {
			isa = XCBuildConfiguration;
			buildSettings = {
				ALWAYS_EMBED_SWIFT_STANDARD_LIBRARIES = YES;
				ASSETCATALOG_COMPILER_APPICON_NAME = AppIcon;
				ASSETCATALOG_COMPILER_GLOBAL_ACCENT_COLOR_NAME = AccentColor;
				CODE_SIGN_ENTITLEMENTS = "macOS (App)/DeArrow.entitlements";
				CODE_SIGN_STYLE = Automatic;
				CURRENT_PROJECT_VERSION = 42;
				DEAD_CODE_STRIPPING = YES;
				DEVELOPMENT_TEAM = 2PCQH7P6MB;
				ENABLE_HARDENED_RUNTIME = YES;
				GENERATE_INFOPLIST_FILE = YES;
				INFOPLIST_FILE = "macOS (App)/Info.plist";
				INFOPLIST_KEY_CFBundleDisplayName = DeArrow;
				INFOPLIST_KEY_LSApplicationCategoryType = "public.app-category.productivity";
				INFOPLIST_KEY_NSMainStoryboardFile = Main;
				INFOPLIST_KEY_NSPrincipalClass = NSApplication;
				LD_RUNPATH_SEARCH_PATHS = (
					"$(inherited)",
					"@executable_path/../Frameworks",
				);
				MACOSX_DEPLOYMENT_TARGET = "$(RECOMMENDED_MACOSX_DEPLOYMENT_TARGET)";
				MARKETING_VERSION = 2.0.6;
				OTHER_LDFLAGS = (
					"-framework",
					SafariServices,
					"-framework",
					WebKit,
				);
				PRODUCT_BUNDLE_IDENTIFIER = app.ajay.dearrow;
				PRODUCT_NAME = DeArrow;
				SDKROOT = macosx;
				SWIFT_EMIT_LOC_STRINGS = YES;
				SWIFT_VERSION = 5.0;
			};
			name = Debug;
		};
		2DF3707B2A3BB4D6003A4132 /* Release */ = {
			isa = XCBuildConfiguration;
			buildSettings = {
				ALWAYS_EMBED_SWIFT_STANDARD_LIBRARIES = YES;
				ASSETCATALOG_COMPILER_APPICON_NAME = AppIcon;
				ASSETCATALOG_COMPILER_GLOBAL_ACCENT_COLOR_NAME = AccentColor;
				CODE_SIGN_ENTITLEMENTS = "macOS (App)/DeArrow.entitlements";
				CODE_SIGN_STYLE = Automatic;
				CURRENT_PROJECT_VERSION = 42;
				DEAD_CODE_STRIPPING = YES;
				DEVELOPMENT_TEAM = 2PCQH7P6MB;
				ENABLE_HARDENED_RUNTIME = YES;
				GENERATE_INFOPLIST_FILE = YES;
				INFOPLIST_FILE = "macOS (App)/Info.plist";
				INFOPLIST_KEY_CFBundleDisplayName = DeArrow;
				INFOPLIST_KEY_LSApplicationCategoryType = "public.app-category.productivity";
				INFOPLIST_KEY_NSMainStoryboardFile = Main;
				INFOPLIST_KEY_NSPrincipalClass = NSApplication;
				LD_RUNPATH_SEARCH_PATHS = (
					"$(inherited)",
					"@executable_path/../Frameworks",
				);
				MACOSX_DEPLOYMENT_TARGET = "$(RECOMMENDED_MACOSX_DEPLOYMENT_TARGET)";
				MARKETING_VERSION = 2.0.6;
				OTHER_LDFLAGS = (
					"-framework",
					SafariServices,
					"-framework",
					WebKit,
				);
				PRODUCT_BUNDLE_IDENTIFIER = app.ajay.dearrow;
				PRODUCT_NAME = DeArrow;
				SDKROOT = macosx;
				SWIFT_EMIT_LOC_STRINGS = YES;
				SWIFT_VERSION = 5.0;
			};
			name = Release;
		};
/* End XCBuildConfiguration section */

/* Begin XCConfigurationList section */
		2DF3701E2A3BB4D3003A4132 /* Build configuration list for PBXProject "DeArrow" */ = {
			isa = XCConfigurationList;
			buildConfigurations = (
				2DF3706C2A3BB4D6003A4132 /* Debug */,
				2DF3706D2A3BB4D6003A4132 /* Release */,
			);
			defaultConfigurationIsVisible = 0;
			defaultConfigurationName = Release;
		};
		2DF3706E2A3BB4D6003A4132 /* Build configuration list for PBXNativeTarget "DeArrow Extension (iOS)" */ = {
			isa = XCConfigurationList;
			buildConfigurations = (
				2DF3706F2A3BB4D6003A4132 /* Debug */,
				2DF370702A3BB4D6003A4132 /* Release */,
			);
			defaultConfigurationIsVisible = 0;
			defaultConfigurationName = Release;
		};
		2DF370722A3BB4D6003A4132 /* Build configuration list for PBXNativeTarget "DeArrow (iOS)" */ = {
			isa = XCConfigurationList;
			buildConfigurations = (
				2DF370732A3BB4D6003A4132 /* Debug */,
				2DF370742A3BB4D6003A4132 /* Release */,
			);
			defaultConfigurationIsVisible = 0;
			defaultConfigurationName = Release;
		};
		2DF370752A3BB4D6003A4132 /* Build configuration list for PBXNativeTarget "DeArrow Extension (macOS)" */ = {
			isa = XCConfigurationList;
			buildConfigurations = (
				2DF370762A3BB4D6003A4132 /* Debug */,
				2DF370772A3BB4D6003A4132 /* Release */,
			);
			defaultConfigurationIsVisible = 0;
			defaultConfigurationName = Release;
		};
		2DF370792A3BB4D6003A4132 /* Build configuration list for PBXNativeTarget "DeArrow (macOS)" */ = {
			isa = XCConfigurationList;
			buildConfigurations = (
				2DF3707A2A3BB4D6003A4132 /* Debug */,
				2DF3707B2A3BB4D6003A4132 /* Release */,
			);
			defaultConfigurationIsVisible = 0;
			defaultConfigurationName = Release;
		};
/* End XCConfigurationList section */
	};
	rootObject = 2DF3701B2A3BB4D3003A4132 /* Project object */;
}
